// !$*UTF8*$!
{
	archiveVersion = 1;
	classes = {
	};
	objectVersion = 50;
	objects = {

/* Begin PBXBuildFile section */
		18CF19A625D2251100B0C5C6 /* AppDelegate.swift in Sources */ = {isa = PBXBuildFile; fileRef = 18CF19A525D2251100B0C5C6 /* AppDelegate.swift */; };
		18CF19A825D2251100B0C5C6 /* SceneDelegate.swift in Sources */ = {isa = PBXBuildFile; fileRef = 18CF19A725D2251100B0C5C6 /* SceneDelegate.swift */; };
		18CF19AA25D2251100B0C5C6 /* VFLViewController.swift in Sources */ = {isa = PBXBuildFile; fileRef = 18CF19A925D2251100B0C5C6 /* VFLViewController.swift */; };
		18CF19AF25D2251100B0C5C6 /* Assets.xcassets in Resources */ = {isa = PBXBuildFile; fileRef = 18CF19AE25D2251100B0C5C6 /* Assets.xcassets */; };
		18CF19B225D2251100B0C5C6 /* LaunchScreen.storyboard in Resources */ = {isa = PBXBuildFile; fileRef = 18CF19B025D2251100B0C5C6 /* LaunchScreen.storyboard */; };
		18CF19BC25D226C200B0C5C6 /* TabBarViewController.swift in Sources */ = {isa = PBXBuildFile; fileRef = 18CF19BB25D226C200B0C5C6 /* TabBarViewController.swift */; };
		18CF19BF25D2289D00B0C5C6 /* ListViewController.swift in Sources */ = {isa = PBXBuildFile; fileRef = 18CF19BE25D2289D00B0C5C6 /* ListViewController.swift */; };
		18CF19C325D228E500B0C5C6 /* VFLView.swift in Sources */ = {isa = PBXBuildFile; fileRef = 18CF19C225D228E500B0C5C6 /* VFLView.swift */; };
		18CF19CA25D32FCD00B0C5C6 /* CodedView.swift in Sources */ = {isa = PBXBuildFile; fileRef = 18CF19C925D32FCD00B0C5C6 /* CodedView.swift */; };
		18CF19D625D33C9F00B0C5C6 /* CodedTableViewCell.swift in Sources */ = {isa = PBXBuildFile; fileRef = 18CF19D525D33C9F00B0C5C6 /* CodedTableViewCell.swift */; };
		18CF19DB25D34B2D00B0C5C6 /* ListTableViewCell.swift in Sources */ = {isa = PBXBuildFile; fileRef = 18CF19DA25D34B2D00B0C5C6 /* ListTableViewCell.swift */; };
		18CF19DE25D34B6E00B0C5C6 /* ListItem.swift in Sources */ = {isa = PBXBuildFile; fileRef = 18CF19DD25D34B6E00B0C5C6 /* ListItem.swift */; };
		18CF19E225D362E200B0C5C6 /* DetailsView.swift in Sources */ = {isa = PBXBuildFile; fileRef = 18CF19E125D362E200B0C5C6 /* DetailsView.swift */; };
		18CF19E625D3648900B0C5C6 /* DetailsViewController.swift in Sources */ = {isa = PBXBuildFile; fileRef = 18CF19E525D3648900B0C5C6 /* DetailsViewController.swift */; };
		18CF19E925D3657000B0C5C6 /* CodedViewController.swift in Sources */ = {isa = PBXBuildFile; fileRef = 18CF19E825D3657000B0C5C6 /* CodedViewController.swift */; };
/* End PBXBuildFile section */

/* Begin PBXFileReference section */
		18CF19A225D2251100B0C5C6 /* CodedUIApp.app */ = {isa = PBXFileReference; explicitFileType = wrapper.application; includeInIndex = 0; path = CodedUIApp.app; sourceTree = BUILT_PRODUCTS_DIR; };
		18CF19A525D2251100B0C5C6 /* AppDelegate.swift */ = {isa = PBXFileReference; lastKnownFileType = sourcecode.swift; path = AppDelegate.swift; sourceTree = "<group>"; };
		18CF19A725D2251100B0C5C6 /* SceneDelegate.swift */ = {isa = PBXFileReference; lastKnownFileType = sourcecode.swift; path = SceneDelegate.swift; sourceTree = "<group>"; };
		18CF19A925D2251100B0C5C6 /* VFLViewController.swift */ = {isa = PBXFileReference; lastKnownFileType = sourcecode.swift; path = VFLViewController.swift; sourceTree = "<group>"; };
		18CF19AE25D2251100B0C5C6 /* Assets.xcassets */ = {isa = PBXFileReference; lastKnownFileType = folder.assetcatalog; path = Assets.xcassets; sourceTree = "<group>"; };
		18CF19B125D2251100B0C5C6 /* Base */ = {isa = PBXFileReference; lastKnownFileType = file.storyboard; name = Base; path = Base.lproj/LaunchScreen.storyboard; sourceTree = "<group>"; };
		18CF19B325D2251100B0C5C6 /* Info.plist */ = {isa = PBXFileReference; lastKnownFileType = text.plist.xml; path = Info.plist; sourceTree = "<group>"; };
		18CF19BB25D226C200B0C5C6 /* TabBarViewController.swift */ = {isa = PBXFileReference; lastKnownFileType = sourcecode.swift; path = TabBarViewController.swift; sourceTree = "<group>"; };
		18CF19BE25D2289D00B0C5C6 /* ListViewController.swift */ = {isa = PBXFileReference; lastKnownFileType = sourcecode.swift; path = ListViewController.swift; sourceTree = "<group>"; };
		18CF19C225D228E500B0C5C6 /* VFLView.swift */ = {isa = PBXFileReference; lastKnownFileType = sourcecode.swift; path = VFLView.swift; sourceTree = "<group>"; };
		18CF19C925D32FCD00B0C5C6 /* CodedView.swift */ = {isa = PBXFileReference; lastKnownFileType = sourcecode.swift; path = CodedView.swift; sourceTree = "<group>"; };
		18CF19D525D33C9F00B0C5C6 /* CodedTableViewCell.swift */ = {isa = PBXFileReference; lastKnownFileType = sourcecode.swift; path = CodedTableViewCell.swift; sourceTree = "<group>"; };
		18CF19DA25D34B2D00B0C5C6 /* ListTableViewCell.swift */ = {isa = PBXFileReference; lastKnownFileType = sourcecode.swift; path = ListTableViewCell.swift; sourceTree = "<group>"; };
		18CF19DD25D34B6E00B0C5C6 /* ListItem.swift */ = {isa = PBXFileReference; lastKnownFileType = sourcecode.swift; path = ListItem.swift; sourceTree = "<group>"; };
		18CF19E125D362E200B0C5C6 /* DetailsView.swift */ = {isa = PBXFileReference; lastKnownFileType = sourcecode.swift; path = DetailsView.swift; sourceTree = "<group>"; };
		18CF19E525D3648900B0C5C6 /* DetailsViewController.swift */ = {isa = PBXFileReference; lastKnownFileType = sourcecode.swift; path = DetailsViewController.swift; sourceTree = "<group>"; };
		18CF19E825D3657000B0C5C6 /* CodedViewController.swift */ = {isa = PBXFileReference; lastKnownFileType = sourcecode.swift; path = CodedViewController.swift; sourceTree = "<group>"; };
/* End PBXFileReference section */

/* Begin PBXFrameworksBuildPhase section */
		18CF199F25D2251100B0C5C6 /* Frameworks */ = {
			isa = PBXFrameworksBuildPhase;
			buildActionMask = 2147483647;
			files = (
			);
			runOnlyForDeploymentPostprocessing = 0;
		};
/* End PBXFrameworksBuildPhase section */

/* Begin PBXGroup section */
		18CF199925D2251100B0C5C6 = {
			isa = PBXGroup;
			children = (
				18CF19A425D2251100B0C5C6 /* CodedUIApp */,
				18CF19A325D2251100B0C5C6 /* Products */,
			);
			sourceTree = "<group>";
		};
		18CF19A325D2251100B0C5C6 /* Products */ = {
			isa = PBXGroup;
			children = (
				18CF19A225D2251100B0C5C6 /* CodedUIApp.app */,
			);
			name = Products;
			sourceTree = "<group>";
		};
		18CF19A425D2251100B0C5C6 /* CodedUIApp */ = {
			isa = PBXGroup;
			children = (
				18CF19A525D2251100B0C5C6 /* AppDelegate.swift */,
				18CF19A725D2251100B0C5C6 /* SceneDelegate.swift */,
				18CF19DD25D34B6E00B0C5C6 /* ListItem.swift */,
				18CF19BB25D226C200B0C5C6 /* TabBarViewController.swift */,
				18CF19EB25D4C1A600B0C5C6 /* Coded View Superclass  */,
				18CF19CE25D339C600B0C5C6 /* Visual Format Language */,
				18CF19D125D33AEB00B0C5C6 /* Layout Anchor */,
				18CF19D325D33B0000B0C5C6 /* Layout Constraint */,
				18CF19AE25D2251100B0C5C6 /* Assets.xcassets */,
				18CF19B025D2251100B0C5C6 /* LaunchScreen.storyboard */,
				18CF19B325D2251100B0C5C6 /* Info.plist */,
			);
			path = CodedUIApp;
			sourceTree = "<group>";
		};
		18CF19CE25D339C600B0C5C6 /* Visual Format Language */ = {
			isa = PBXGroup;
			children = (
				18CF19A925D2251100B0C5C6 /* VFLViewController.swift */,
				18CF19C225D228E500B0C5C6 /* VFLView.swift */,
			);
			path = "Visual Format Language";
			sourceTree = "<group>";
		};
		18CF19D125D33AEB00B0C5C6 /* Layout Anchor */ = {
			isa = PBXGroup;
			children = (
				18CF19BE25D2289D00B0C5C6 /* ListViewController.swift */,
				18CF19DA25D34B2D00B0C5C6 /* ListTableViewCell.swift */,
			);
			path = "Layout Anchor";
			sourceTree = "<group>";
		};
		18CF19D325D33B0000B0C5C6 /* Layout Constraint */ = {
			isa = PBXGroup;
			children = (
				18CF19E125D362E200B0C5C6 /* DetailsView.swift */,
				18CF19E525D3648900B0C5C6 /* DetailsViewController.swift */,
			);
			path = "Layout Constraint";
			sourceTree = "<group>";
		};
		18CF19EB25D4C1A600B0C5C6 /* Coded View Superclass  */ = {
			isa = PBXGroup;
			children = (
				18CF19C925D32FCD00B0C5C6 /* CodedView.swift */,
				18CF19D525D33C9F00B0C5C6 /* CodedTableViewCell.swift */,
				18CF19E825D3657000B0C5C6 /* CodedViewController.swift */,
			);
			path = "Coded View Superclass ";
			sourceTree = "<group>";
		};
/* End PBXGroup section */

/* Begin PBXNativeTarget section */
		18CF19A125D2251100B0C5C6 /* CodedUIApp */ = {
			isa = PBXNativeTarget;
			buildConfigurationList = 18CF19B625D2251100B0C5C6 /* Build configuration list for PBXNativeTarget "CodedUIApp" */;
			buildPhases = (
				18CF199E25D2251100B0C5C6 /* Sources */,
				18CF199F25D2251100B0C5C6 /* Frameworks */,
				18CF19A025D2251100B0C5C6 /* Resources */,
			);
			buildRules = (
			);
			dependencies = (
			);
			name = CodedUIApp;
			productName = CodedUIApp;
			productReference = 18CF19A225D2251100B0C5C6 /* CodedUIApp.app */;
			productType = "com.apple.product-type.application";
		};
/* End PBXNativeTarget section */

/* Begin PBXProject section */
		18CF199A25D2251100B0C5C6 /* Project object */ = {
			isa = PBXProject;
			attributes = {
				LastSwiftUpdateCheck = 1240;
				LastUpgradeCheck = 1240;
				TargetAttributes = {
					18CF19A125D2251100B0C5C6 = {
						CreatedOnToolsVersion = 12.4;
					};
				};
			};
			buildConfigurationList = 18CF199D25D2251100B0C5C6 /* Build configuration list for PBXProject "CodedUIApp" */;
			compatibilityVersion = "Xcode 9.3";
			developmentRegion = en;
			hasScannedForEncodings = 0;
			knownRegions = (
				en,
				Base,
			);
			mainGroup = 18CF199925D2251100B0C5C6;
			productRefGroup = 18CF19A325D2251100B0C5C6 /* Products */;
			projectDirPath = "";
			projectRoot = "";
			targets = (
				18CF19A125D2251100B0C5C6 /* CodedUIApp */,
			);
		};
/* End PBXProject section */

/* Begin PBXResourcesBuildPhase section */
		18CF19A025D2251100B0C5C6 /* Resources */ = {
			isa = PBXResourcesBuildPhase;
			buildActionMask = 2147483647;
			files = (
				18CF19B225D2251100B0C5C6 /* LaunchScreen.storyboard in Resources */,
				18CF19AF25D2251100B0C5C6 /* Assets.xcassets in Resources */,
			);
			runOnlyForDeploymentPostprocessing = 0;
		};
/* End PBXResourcesBuildPhase section */

/* Begin PBXSourcesBuildPhase section */
		18CF199E25D2251100B0C5C6 /* Sources */ = {
			isa = PBXSourcesBuildPhase;
			buildActionMask = 2147483647;
			files = (
				18CF19BC25D226C200B0C5C6 /* TabBarViewController.swift in Sources */,
				18CF19E925D3657000B0C5C6 /* CodedViewController.swift in Sources */,
				18CF19D625D33C9F00B0C5C6 /* CodedTableViewCell.swift in Sources */,
				18CF19AA25D2251100B0C5C6 /* VFLViewController.swift in Sources */,
				18CF19C325D228E500B0C5C6 /* VFLView.swift in Sources */,
				18CF19DE25D34B6E00B0C5C6 /* ListItem.swift in Sources */,
				18CF19E225D362E200B0C5C6 /* DetailsView.swift in Sources */,
				18CF19BF25D2289D00B0C5C6 /* ListViewController.swift in Sources */,
				18CF19CA25D32FCD00B0C5C6 /* CodedView.swift in Sources */,
				18CF19A625D2251100B0C5C6 /* AppDelegate.swift in Sources */,
				18CF19A825D2251100B0C5C6 /* SceneDelegate.swift in Sources */,
				18CF19DB25D34B2D00B0C5C6 /* ListTableViewCell.swift in Sources */,
				18CF19E625D3648900B0C5C6 /* DetailsViewController.swift in Sources */,
			);
			runOnlyForDeploymentPostprocessing = 0;
		};
/* End PBXSourcesBuildPhase section */

/* Begin PBXVariantGroup section */
		18CF19B025D2251100B0C5C6 /* LaunchScreen.storyboard */ = {
			isa = PBXVariantGroup;
			children = (
				18CF19B125D2251100B0C5C6 /* Base */,
			);
			name = LaunchScreen.storyboard;
			sourceTree = "<group>";
		};
/* End PBXVariantGroup section */

/* Begin XCBuildConfiguration section */
		18CF19B425D2251100B0C5C6 /* Debug */ = {
			isa = XCBuildConfiguration;
			buildSettings = {
				ALWAYS_SEARCH_USER_PATHS = NO;
				CLANG_ANALYZER_NONNULL = YES;
				CLANG_ANALYZER_NUMBER_OBJECT_CONVERSION = YES_AGGRESSIVE;
				CLANG_CXX_LANGUAGE_STANDARD = "gnu++14";
				CLANG_CXX_LIBRARY = "libc++";
				CLANG_ENABLE_MODULES = YES;
				CLANG_ENABLE_OBJC_ARC = YES;
				CLANG_ENABLE_OBJC_WEAK = YES;
				CLANG_WARN_BLOCK_CAPTURE_AUTORELEASING = YES;
				CLANG_WARN_BOOL_CONVERSION = YES;
				CLANG_WARN_COMMA = YES;
				CLANG_WARN_CONSTANT_CONVERSION = YES;
				CLANG_WARN_DEPRECATED_OBJC_IMPLEMENTATIONS = YES;
				CLANG_WARN_DIRECT_OBJC_ISA_USAGE = YES_ERROR;
				CLANG_WARN_DOCUMENTATION_COMMENTS = YES;
				CLANG_WARN_EMPTY_BODY = YES;
				CLANG_WARN_ENUM_CONVERSION = YES;
				CLANG_WARN_INFINITE_RECURSION = YES;
				CLANG_WARN_INT_CONVERSION = YES;
				CLANG_WARN_NON_LITERAL_NULL_CONVERSION = YES;
				CLANG_WARN_OBJC_IMPLICIT_RETAIN_SELF = YES;
				CLANG_WARN_OBJC_LITERAL_CONVERSION = YES;
				CLANG_WARN_OBJC_ROOT_CLASS = YES_ERROR;
				CLANG_WARN_QUOTED_INCLUDE_IN_FRAMEWORK_HEADER = YES;
				CLANG_WARN_RANGE_LOOP_ANALYSIS = YES;
				CLANG_WARN_STRICT_PROTOTYPES = YES;
				CLANG_WARN_SUSPICIOUS_MOVE = YES;
				CLANG_WARN_UNGUARDED_AVAILABILITY = YES_AGGRESSIVE;
				CLANG_WARN_UNREACHABLE_CODE = YES;
				CLANG_WARN__DUPLICATE_METHOD_MATCH = YES;
				COPY_PHASE_STRIP = NO;
				DEBUG_INFORMATION_FORMAT = dwarf;
				ENABLE_STRICT_OBJC_MSGSEND = YES;
				ENABLE_TESTABILITY = YES;
				GCC_C_LANGUAGE_STANDARD = gnu11;
				GCC_DYNAMIC_NO_PIC = NO;
				GCC_NO_COMMON_BLOCKS = YES;
				GCC_OPTIMIZATION_LEVEL = 0;
				GCC_PREPROCESSOR_DEFINITIONS = (
					"DEBUG=1",
					"$(inherited)",
				);
				GCC_WARN_64_TO_32_BIT_CONVERSION = YES;
				GCC_WARN_ABOUT_RETURN_TYPE = YES_ERROR;
				GCC_WARN_UNDECLARED_SELECTOR = YES;
				GCC_WARN_UNINITIALIZED_AUTOS = YES_AGGRESSIVE;
				GCC_WARN_UNUSED_FUNCTION = YES;
				GCC_WARN_UNUSED_VARIABLE = YES;
				IPHONEOS_DEPLOYMENT_TARGET = 14.4;
				MTL_ENABLE_DEBUG_INFO = INCLUDE_SOURCE;
				MTL_FAST_MATH = YES;
				ONLY_ACTIVE_ARCH = YES;
				SDKROOT = iphoneos;
				SWIFT_ACTIVE_COMPILATION_CONDITIONS = DEBUG;
				SWIFT_OPTIMIZATION_LEVEL = "-Onone";
			};
			name = Debug;
		};
		18CF19B525D2251100B0C5C6 /* Release */ = {
			isa = XCBuildConfiguration;
			buildSettings = {
				ALWAYS_SEARCH_USER_PATHS = NO;
				CLANG_ANALYZER_NONNULL = YES;
				CLANG_ANALYZER_NUMBER_OBJECT_CONVERSION = YES_AGGRESSIVE;
				CLANG_CXX_LANGUAGE_STANDARD = "gnu++14";
				CLANG_CXX_LIBRARY = "libc++";
				CLANG_ENABLE_MODULES = YES;
				CLANG_ENABLE_OBJC_ARC = YES;
				CLANG_ENABLE_OBJC_WEAK = YES;
				CLANG_WARN_BLOCK_CAPTURE_AUTORELEASING = YES;
				CLANG_WARN_BOOL_CONVERSION = YES;
				CLANG_WARN_COMMA = YES;
				CLANG_WARN_CONSTANT_CONVERSION = YES;
				CLANG_WARN_DEPRECATED_OBJC_IMPLEMENTATIONS = YES;
				CLANG_WARN_DIRECT_OBJC_ISA_USAGE = YES_ERROR;
				CLANG_WARN_DOCUMENTATION_COMMENTS = YES;
				CLANG_WARN_EMPTY_BODY = YES;
				CLANG_WARN_ENUM_CONVERSION = YES;
				CLANG_WARN_INFINITE_RECURSION = YES;
				CLANG_WARN_INT_CONVERSION = YES;
				CLANG_WARN_NON_LITERAL_NULL_CONVERSION = YES;
				CLANG_WARN_OBJC_IMPLICIT_RETAIN_SELF = YES;
				CLANG_WARN_OBJC_LITERAL_CONVERSION = YES;
				CLANG_WARN_OBJC_ROOT_CLASS = YES_ERROR;
				CLANG_WARN_QUOTED_INCLUDE_IN_FRAMEWORK_HEADER = YES;
				CLANG_WARN_RANGE_LOOP_ANALYSIS = YES;
				CLANG_WARN_STRICT_PROTOTYPES = YES;
				CLANG_WARN_SUSPICIOUS_MOVE = YES;
				CLANG_WARN_UNGUARDED_AVAILABILITY = YES_AGGRESSIVE;
				CLANG_WARN_UNREACHABLE_CODE = YES;
				CLANG_WARN__DUPLICATE_METHOD_MATCH = YES;
				COPY_PHASE_STRIP = NO;
				DEBUG_INFORMATION_FORMAT = "dwarf-with-dsym";
				ENABLE_NS_ASSERTIONS = NO;
				ENABLE_STRICT_OBJC_MSGSEND = YES;
				GCC_C_LANGUAGE_STANDARD = gnu11;
				GCC_NO_COMMON_BLOCKS = YES;
				GCC_WARN_64_TO_32_BIT_CONVERSION = YES;
				GCC_WARN_ABOUT_RETURN_TYPE = YES_ERROR;
				GCC_WARN_UNDECLARED_SELECTOR = YES;
				GCC_WARN_UNINITIALIZED_AUTOS = YES_AGGRESSIVE;
				GCC_WARN_UNUSED_FUNCTION = YES;
				GCC_WARN_UNUSED_VARIABLE = YES;
				IPHONEOS_DEPLOYMENT_TARGET = 14.4;
				MTL_ENABLE_DEBUG_INFO = NO;
				MTL_FAST_MATH = YES;
				SDKROOT = iphoneos;
				SWIFT_COMPILATION_MODE = wholemodule;
				SWIFT_OPTIMIZATION_LEVEL = "-O";
				VALIDATE_PRODUCT = YES;
			};
			name = Release;
		};
		18CF19B725D2251100B0C5C6 /* Debug */ = {
			isa = XCBuildConfiguration;
			buildSettings = {
				ASSETCATALOG_COMPILER_APPICON_NAME = AppIcon;
				ASSETCATALOG_COMPILER_GLOBAL_ACCENT_COLOR_NAME = AccentColor;
				CODE_SIGN_STYLE = Automatic;
				INFOPLIST_FILE = CodedUIApp/Info.plist;
				LD_RUNPATH_SEARCH_PATHS = (
					"$(inherited)",
					"@executable_path/Frameworks",
				);
				PRODUCT_BUNDLE_IDENTIFIER = "com.harman-orsay.CodedUIApp";
				PRODUCT_NAME = "$(TARGET_NAME)";
				SWIFT_VERSION = 5.0;
				TARGETED_DEVICE_FAMILY = "1,2";
			};
			name = Debug;
		};
		18CF19B825D2251100B0C5C6 /* Release */ = {
			isa = XCBuildConfiguration;
			buildSettings = {
				ASSETCATALOG_COMPILER_APPICON_NAME = AppIcon;
				ASSETCATALOG_COMPILER_GLOBAL_ACCENT_COLOR_NAME = AccentColor;
				CODE_SIGN_STYLE = Automatic;
				INFOPLIST_FILE = CodedUIApp/Info.plist;
				LD_RUNPATH_SEARCH_PATHS = (
					"$(inherited)",
					"@executable_path/Frameworks",
				);
				PRODUCT_BUNDLE_IDENTIFIER = "com.harman-orsay.CodedUIApp";
				PRODUCT_NAME = "$(TARGET_NAME)";
				SWIFT_VERSION = 5.0;
				TARGETED_DEVICE_FAMILY = "1,2";
			};
			name = Release;
		};
/* End XCBuildConfiguration section */

/* Begin XCConfigurationList section */
		18CF199D25D2251100B0C5C6 /* Build configuration list for PBXProject "CodedUIApp" */ = {
			isa = XCConfigurationList;
			buildConfigurations = (
				18CF19B425D2251100B0C5C6 /* Debug */,
				18CF19B525D2251100B0C5C6 /* Release */,
			);
			defaultConfigurationIsVisible = 0;
			defaultConfigurationName = Release;
		};
		18CF19B625D2251100B0C5C6 /* Build configuration list for PBXNativeTarget "CodedUIApp" */ = {
			isa = XCConfigurationList;
			buildConfigurations = (
				18CF19B725D2251100B0C5C6 /* Debug */,
				18CF19B825D2251100B0C5C6 /* Release */,
			);
			defaultConfigurationIsVisible = 0;
			defaultConfigurationName = Release;
		};
/* End XCConfigurationList section */
	};
	rootObject = 18CF199A25D2251100B0C5C6 /* Project object */;
}
